# This file is automatically @generated by Cargo.
# It is not intended for manual editing.
version = 3

[[package]]
name = "libc"
version = "0.2.125"
source = "registry+https://github.com/rust-lang/crates.io-index"
checksum = "5916d2ae698f6de9bfb891ad7a8d65c09d232dc58cc4ac433c7da3b2fd84bc2b"

[[package]]
name = "libseccomp"
version = "0.2.3"
source = "git+https://github.com/libseccomp-rs/libseccomp-rs.git?rev=4ae91b5#4ae91b56ede012453d42f88dc6e7105d69aa7be4"
dependencies = [
 "libc",
 "libseccomp-sys",
 "pkg-config",
]

[[package]]
name = "libseccomp-sys"
version = "0.2.1"
source = "git+https://github.com/libseccomp-rs/libseccomp-rs.git?rev=4ae91b5#4ae91b56ede012453d42f88dc6e7105d69aa7be4"

[[package]]
name = "openat_dialog_poc"
version = "0.1.0"
dependencies = [
 "libc",
 "libseccomp",
]

[[package]]
name = "pkg-config"
version = "0.3.25"
source = "registry+https://github.com/rust-lang/crates.io-index"
checksum = "1df8c4ec4b0627e53bdf214615ad287367e482558cf84b109250b37464dc03ae"
